{
  "name": "gunjandatta.github.io",
  "version": "1.0.0",
  "lockfileVersion": 1,
  "requires": true,
  "dependencies": {
    "bootswatch": {
      "version": "4.1.3",
      "resolved": "https://registry.npmjs.org/bootswatch/-/bootswatch-4.1.3.tgz",
      "integrity": "sha1-MONyOxn6iVaM/83JyJQ7RponRek="
    },
    "gd-bs": {
      "version": "1.0.1",
      "resolved": "https://registry.npmjs.org/gd-bs/-/gd-bs-1.0.1.tgz",
      "integrity": "sha512-JgzJVpBAlHMITFU+OF8O6nOR5TNkEMwy3ToXgcFv4pCSmz7qwcmqM4ExOQVlq3UerJ6jdScBsvBXH1h2geAIGg=="
    },
    "gd-sprest": {
      "version": "4.3.5",
      "resolved": "https://registry.npmjs.org/gd-sprest/-/gd-sprest-4.3.5.tgz",
      "integrity": "sha512-B9fmLmEiLI4gRhCxZjMdWeQncSeMYjjsGeEmGVmv2vIWJflSWG9kO9QHdfpQ6wI8QjeHJcdJ+8KxPdbV+AaKcQ==",
      "requires": {
        "gd-sprest-def": "0.0.5"
      }
    },
    "gd-sprest-bs": {
      "version": "1.1.7",
      "resolved": "https://registry.npmjs.org/gd-sprest-bs/-/gd-sprest-bs-1.1.7.tgz",
      "integrity": "sha512-fp2sbPTAFQoJye3htswqRaDCNw2UqTiwfmoeiW12PzM4lLfCvZUjMAIF4yMKXJCtmwFLXE8ViTRea9zsFIiuEQ==",
      "requires": {
        "gd-bs": "^1.0.1",
        "gd-sprest": "^4.3.5",
        "gd-sprest-def": "^0.0.5"
      }
    },
    "gd-sprest-def": {
      "version": "0.0.5",
      "resolved": "https://registry.npmjs.org/gd-sprest-def/-/gd-sprest-def-0.0.5.tgz",
      "integrity": "sha512-/W1IE+D0dwKbpIc0gbPn9Lo+yC1Pzu+zPqkj/1Uu8cBNKJQFQXTOARqZue8ZJOHID9AcH2XI+xWDPReD0MXs1A=="
    }
  }
}
