{
  "name": "gunjandatta.github.io",
  "version": "1.0.0",
  "lockfileVersion": 1,
  "requires": true,
  "dependencies": {
    "bootstrap": {
      "version": "4.1.3",
      "resolved": "https://registry.npmjs.org/bootstrap/-/bootstrap-4.1.3.tgz",
      "integrity": "sha512-rDFIzgXcof0jDyjNosjv4Sno77X4KuPeFxG2XZZv1/Kc8DRVGVADdoQyyOVDwPqL36DDmtCQbrpMCqvpPLJQ0w=="
    },
    "bootswatch": {
      "version": "4.1.3",
      "resolved": "https://registry.npmjs.org/bootswatch/-/bootswatch-4.1.3.tgz",
      "integrity": "sha1-MONyOxn6iVaM/83JyJQ7RponRek="
    },
    "gd-bs": {
      "version": "0.7.1",
      "resolved": "https://registry.npmjs.org/gd-bs/-/gd-bs-0.7.1.tgz",
      "integrity": "sha512-JuMFrjmtw6cB3q98VFMhhkCp/YTZ4AJZ2OTpDvyrOUcTS0sH2x/xvvMVX+KCFcDHPXBmV48c2AS5WnKu0ZQtNA=="
    },
    "gd-sprest": {
      "version": "4.3.0",
      "resolved": "https://registry.npmjs.org/gd-sprest/-/gd-sprest-4.3.0.tgz",
      "integrity": "sha512-mCyFFkpAXL5U7Bjq0aSgi/y+MLe1Yhn1hQAtoqxsOewCjL3CKJTvWQE/3hfEj6Lg707tQ/TcRNZGONY1zW3URg=="
    },
    "gd-sprest-bs": {
      "version": "0.9.0",
      "resolved": "https://registry.npmjs.org/gd-sprest-bs/-/gd-sprest-bs-0.9.0.tgz",
      "integrity": "sha512-K12NySDksrIyvhXSITF1AG4aI8WsoXpBJrCvLl8SzZmlygXeRCeRfZdA7iRIsMUsysXWde2izqsKyv00SUhNGQ==",
      "requires": {
        "gd-bs": "^0.7.1",
        "gd-sprest": "^4.3.0"
      }
    }
  }
}
